// !$*UTF8*$!
{
	archiveVersion = 1;
	classes = {
	};
	objectVersion = 56;
	objects = {

/* Begin PBXBuildFile section */
		6C8170842B16264900F10AA2 /* Settings.swift in Sources */ = {isa = PBXBuildFile; fileRef = 6C8170832B16264900F10AA2 /* Settings.swift */; };
		6C8668082ADA8A3800559E9E /* AppDelegate.swift in Sources */ = {isa = PBXBuildFile; fileRef = 6C8668072ADA8A3800559E9E /* AppDelegate.swift */; };
		6C86680A2ADA8A3800559E9E /* SceneDelegate.swift in Sources */ = {isa = PBXBuildFile; fileRef = 6C8668092ADA8A3800559E9E /* SceneDelegate.swift */; };
		6C86680C2ADA8A3800559E9E /* OnboardingController.swift in Sources */ = {isa = PBXBuildFile; fileRef = 6C86680B2ADA8A3800559E9E /* OnboardingController.swift */; };
		6C8668112ADA8A3A00559E9E /* Assets.xcassets in Resources */ = {isa = PBXBuildFile; fileRef = 6C8668102ADA8A3A00559E9E /* Assets.xcassets */; };
		6C8668142ADA8A3A00559E9E /* LaunchScreen.storyboard in Resources */ = {isa = PBXBuildFile; fileRef = 6C8668122ADA8A3A00559E9E /* LaunchScreen.storyboard */; };
		6C86681D2ADA8BA000559E9E /* SnapKit in Frameworks */ = {isa = PBXBuildFile; productRef = 6C86681C2ADA8BA000559E9E /* SnapKit */; };
		6C86681F2ADA8BA000559E9E /* SnapKit-Dynamic in Frameworks */ = {isa = PBXBuildFile; productRef = 6C86681E2ADA8BA000559E9E /* SnapKit-Dynamic */; };
		6C8668282ADA8CD200559E9E /* OnboardingModel.swift in Sources */ = {isa = PBXBuildFile; fileRef = 6C8668272ADA8CD200559E9E /* OnboardingModel.swift */; };
		6C86682A2ADA8CDD00559E9E /* OnboardingView.swift in Sources */ = {isa = PBXBuildFile; fileRef = 6C8668292ADA8CDD00559E9E /* OnboardingView.swift */; };
		6C86682C2ADA8EE800559E9E /* Onboarding.swift in Sources */ = {isa = PBXBuildFile; fileRef = 6C86682B2ADA8EE800559E9E /* Onboarding.swift */; };
		6C8668302ADA952400559E9E /* GTWalsheimPro-Thin.ttf in Resources */ = {isa = PBXBuildFile; fileRef = 6C86682E2ADA952400559E9E /* GTWalsheimPro-Thin.ttf */; };
		6C8668312ADA952400559E9E /* GTWalsheimPro-Bold.ttf in Resources */ = {isa = PBXBuildFile; fileRef = 6C86682F2ADA952400559E9E /* GTWalsheimPro-Bold.ttf */; };
		6CE28AC52B0A240300F0EA37 /* SettingsViewController.swift in Sources */ = {isa = PBXBuildFile; fileRef = 6CE28AC42B0A240300F0EA37 /* SettingsViewController.swift */; };
/* End PBXBuildFile section */

/* Begin PBXFileReference section */
		6C8170832B16264900F10AA2 /* Settings.swift */ = {isa = PBXFileReference; lastKnownFileType = sourcecode.swift; path = Settings.swift; sourceTree = "<group>"; };
		6C8668042ADA8A3800559E9E /* LoginScreen.app */ = {isa = PBXFileReference; explicitFileType = wrapper.application; includeInIndex = 0; path = LoginScreen.app; sourceTree = BUILT_PRODUCTS_DIR; };
		6C8668072ADA8A3800559E9E /* AppDelegate.swift */ = {isa = PBXFileReference; lastKnownFileType = sourcecode.swift; path = AppDelegate.swift; sourceTree = "<group>"; };
		6C8668092ADA8A3800559E9E /* SceneDelegate.swift */ = {isa = PBXFileReference; lastKnownFileType = sourcecode.swift; path = SceneDelegate.swift; sourceTree = "<group>"; };
		6C86680B2ADA8A3800559E9E /* OnboardingController.swift */ = {isa = PBXFileReference; lastKnownFileType = sourcecode.swift; path = OnboardingController.swift; sourceTree = "<group>"; };
		6C8668102ADA8A3A00559E9E /* Assets.xcassets */ = {isa = PBXFileReference; lastKnownFileType = folder.assetcatalog; path = Assets.xcassets; sourceTree = "<group>"; };
		6C8668132ADA8A3A00559E9E /* Base */ = {isa = PBXFileReference; lastKnownFileType = file.storyboard; name = Base; path = Base.lproj/LaunchScreen.storyboard; sourceTree = "<group>"; };
		6C8668152ADA8A3A00559E9E /* Info.plist */ = {isa = PBXFileReference; lastKnownFileType = text.plist.xml; path = Info.plist; sourceTree = "<group>"; };
		6C8668272ADA8CD200559E9E /* OnboardingModel.swift */ = {isa = PBXFileReference; lastKnownFileType = sourcecode.swift; path = OnboardingModel.swift; sourceTree = "<group>"; };
		6C8668292ADA8CDD00559E9E /* OnboardingView.swift */ = {isa = PBXFileReference; lastKnownFileType = sourcecode.swift; path = OnboardingView.swift; sourceTree = "<group>"; };
		6C86682B2ADA8EE800559E9E /* Onboarding.swift */ = {isa = PBXFileReference; lastKnownFileType = sourcecode.swift; path = Onboarding.swift; sourceTree = "<group>"; };
		6C86682E2ADA952400559E9E /* GTWalsheimPro-Thin.ttf */ = {isa = PBXFileReference; lastKnownFileType = file; path = "GTWalsheimPro-Thin.ttf"; sourceTree = "<group>"; };
		6C86682F2ADA952400559E9E /* GTWalsheimPro-Bold.ttf */ = {isa = PBXFileReference; lastKnownFileType = file; path = "GTWalsheimPro-Bold.ttf"; sourceTree = "<group>"; };
		6C8668322ADA995C00559E9E /* GTWalsheimPro-Medium.ttf */ = {isa = PBXFileReference; lastKnownFileType = file; path = "GTWalsheimPro-Medium.ttf"; sourceTree = "<group>"; };
		6CE28AC42B0A240300F0EA37 /* SettingsViewController.swift */ = {isa = PBXFileReference; lastKnownFileType = sourcecode.swift; path = SettingsViewController.swift; sourceTree = "<group>"; };
		6CE28AC62B0A245700F0EA37 /* GT-WalsheimPro-Regular.ttf */ = {isa = PBXFileReference; lastKnownFileType = file; path = "GT-WalsheimPro-Regular.ttf"; sourceTree = "<group>"; };
/* End PBXFileReference section */

/* Begin PBXFrameworksBuildPhase section */
		6C8668012ADA8A3800559E9E /* Frameworks */ = {
			isa = PBXFrameworksBuildPhase;
			buildActionMask = 2147483647;
			files = (
				6C86681D2ADA8BA000559E9E /* SnapKit in Frameworks */,
				6C86681F2ADA8BA000559E9E /* SnapKit-Dynamic in Frameworks */,
			);
			runOnlyForDeploymentPostprocessing = 0;
		};
/* End PBXFrameworksBuildPhase section */

/* Begin PBXGroup section */
		6C8667FB2ADA8A3800559E9E = {
			isa = PBXGroup;
			children = (
				6C8668062ADA8A3800559E9E /* LoginScreen */,
				6C8668052ADA8A3800559E9E /* Products */,
			);
			sourceTree = "<group>";
		};
		6C8668052ADA8A3800559E9E /* Products */ = {
			isa = PBXGroup;
			children = (
				6C8668042ADA8A3800559E9E /* LoginScreen.app */,
			);
			name = Products;
			sourceTree = "<group>";
		};
		6C8668062ADA8A3800559E9E /* LoginScreen */ = {
			isa = PBXGroup;
			children = (
				6C86682D2ADA952400559E9E /* Fonts */,
				6C8668212ADA8C3100559E9E /* Sources */,
				6C8668202ADA8C2A00559E9E /* Resources */,
			);
			path = LoginScreen;
			sourceTree = "<group>";
		};
		6C8668202ADA8C2A00559E9E /* Resources */ = {
			isa = PBXGroup;
			children = (
				6C8668102ADA8A3A00559E9E /* Assets.xcassets */,
				6C8668122ADA8A3A00559E9E /* LaunchScreen.storyboard */,
				6C8668152ADA8A3A00559E9E /* Info.plist */,
			);
			path = Resources;
			sourceTree = "<group>";
		};
		6C8668212ADA8C3100559E9E /* Sources */ = {
			isa = PBXGroup;
			children = (
				6C8668232ADA8C5900559E9E /* Scenes */,
				6C8668222ADA8C5500559E9E /* App */,
			);
			path = Sources;
			sourceTree = "<group>";
		};
		6C8668222ADA8C5500559E9E /* App */ = {
			isa = PBXGroup;
			children = (
				6C8668072ADA8A3800559E9E /* AppDelegate.swift */,
				6C8668092ADA8A3800559E9E /* SceneDelegate.swift */,
			);
			path = App;
			sourceTree = "<group>";
		};
		6C8668232ADA8C5900559E9E /* Scenes */ = {
			isa = PBXGroup;
			children = (
				6C8668242ADA8CA900559E9E /* Model */,
				6C8668252ADA8CAD00559E9E /* View */,
				6C8668262ADA8CB100559E9E /* Controller */,
			);
			path = Scenes;
			sourceTree = "<group>";
		};
		6C8668242ADA8CA900559E9E /* Model */ = {
			isa = PBXGroup;
			children = (
				6C8668272ADA8CD200559E9E /* OnboardingModel.swift */,
				6C86682B2ADA8EE800559E9E /* Onboarding.swift */,
				6C8170832B16264900F10AA2 /* Settings.swift */,
			);
			path = Model;
			sourceTree = "<group>";
		};
		6C8668252ADA8CAD00559E9E /* View */ = {
			isa = PBXGroup;
			children = (
				6C8668292ADA8CDD00559E9E /* OnboardingView.swift */,
			);
			path = View;
			sourceTree = "<group>";
		};
		6C8668262ADA8CB100559E9E /* Controller */ = {
			isa = PBXGroup;
			children = (
				6CE28AC42B0A240300F0EA37 /* SettingsViewController.swift */,
				6C86680B2ADA8A3800559E9E /* OnboardingController.swift */,
			);
			path = Controller;
			sourceTree = "<group>";
		};
		6C86682D2ADA952400559E9E /* Fonts */ = {
			isa = PBXGroup;
			children = (
				6C86682E2ADA952400559E9E /* GTWalsheimPro-Thin.ttf */,
				6C8668322ADA995C00559E9E /* GTWalsheimPro-Medium.ttf */,
				6C86682F2ADA952400559E9E /* GTWalsheimPro-Bold.ttf */,
				6CE28AC62B0A245700F0EA37 /* GT-WalsheimPro-Regular.ttf */,
			);
			path = Fonts;
			sourceTree = "<group>";
		};
/* End PBXGroup section */

/* Begin PBXNativeTarget section */
		6C8668032ADA8A3800559E9E /* LoginScreen */ = {
			isa = PBXNativeTarget;
			buildConfigurationList = 6C8668182ADA8A3A00559E9E /* Build configuration list for PBXNativeTarget "LoginScreen" */;
			buildPhases = (
				6C8668002ADA8A3800559E9E /* Sources */,
				6C8668012ADA8A3800559E9E /* Frameworks */,
				6C8668022ADA8A3800559E9E /* Resources */,
			);
			buildRules = (
			);
			dependencies = (
			);
			name = LoginScreen;
			packageProductDependencies = (
				6C86681C2ADA8BA000559E9E /* SnapKit */,
				6C86681E2ADA8BA000559E9E /* SnapKit-Dynamic */,
			);
			productName = LoginScreen;
			productReference = 6C8668042ADA8A3800559E9E /* LoginScreen.app */;
			productType = "com.apple.product-type.application";
		};
/* End PBXNativeTarget section */

/* Begin PBXProject section */
		6C8667FC2ADA8A3800559E9E /* Project object */ = {
			isa = PBXProject;
			attributes = {
				BuildIndependentTargetsInParallel = 1;
				LastSwiftUpdateCheck = 1500;
				LastUpgradeCheck = 1500;
				TargetAttributes = {
					6C8668032ADA8A3800559E9E = {
						CreatedOnToolsVersion = 15.0;
					};
				};
			};
			buildConfigurationList = 6C8667FF2ADA8A3800559E9E /* Build configuration list for PBXProject "LoginScreen" */;
			compatibilityVersion = "Xcode 14.0";
			developmentRegion = en;
			hasScannedForEncodings = 0;
			knownRegions = (
				en,
				Base,
			);
			mainGroup = 6C8667FB2ADA8A3800559E9E;
			packageReferences = (
				6C86681B2ADA8BA000559E9E /* XCRemoteSwiftPackageReference "SnapKit" */,
			);
			productRefGroup = 6C8668052ADA8A3800559E9E /* Products */;
			projectDirPath = "";
			projectRoot = "";
			targets = (
				6C8668032ADA8A3800559E9E /* LoginScreen */,
			);
		};
/* End PBXProject section */

/* Begin PBXResourcesBuildPhase section */
		6C8668022ADA8A3800559E9E /* Resources */ = {
			isa = PBXResourcesBuildPhase;
			buildActionMask = 2147483647;
			files = (
				6C8668142ADA8A3A00559E9E /* LaunchScreen.storyboard in Resources */,
				6C8668302ADA952400559E9E /* GTWalsheimPro-Thin.ttf in Resources */,
				6C8668312ADA952400559E9E /* GTWalsheimPro-Bold.ttf in Resources */,
				6C8668112ADA8A3A00559E9E /* Assets.xcassets in Resources */,
			);
			runOnlyForDeploymentPostprocessing = 0;
		};
/* End PBXResourcesBuildPhase section */

/* Begin PBXSourcesBuildPhase section */
		6C8668002ADA8A3800559E9E /* Sources */ = {
			isa = PBXSourcesBuildPhase;
			buildActionMask = 2147483647;
			files = (
				6C86682C2ADA8EE800559E9E /* Onboarding.swift in Sources */,
				6C8668282ADA8CD200559E9E /* OnboardingModel.swift in Sources */,
				6C8170842B16264900F10AA2 /* Settings.swift in Sources */,
				6CE28AC52B0A240300F0EA37 /* SettingsViewController.swift in Sources */,
				6C86680C2ADA8A3800559E9E /* OnboardingController.swift in Sources */,
				6C8668082ADA8A3800559E9E /* AppDelegate.swift in Sources */,
				6C86682A2ADA8CDD00559E9E /* OnboardingView.swift in Sources */,
				6C86680A2ADA8A3800559E9E /* SceneDelegate.swift in Sources */,
			);
			runOnlyForDeploymentPostprocessing = 0;
		};
/* End PBXSourcesBuildPhase section */

/* Begin PBXVariantGroup section */
		6C8668122ADA8A3A00559E9E /* LaunchScreen.storyboard */ = {
			isa = PBXVariantGroup;
			children = (
				6C8668132ADA8A3A00559E9E /* Base */,
			);
			name = LaunchScreen.storyboard;
			sourceTree = "<group>";
		};
/* End PBXVariantGroup section */

/* Begin XCBuildConfiguration section */
		6C8668162ADA8A3A00559E9E /* Debug */ = {
			isa = XCBuildConfiguration;
			buildSettings = {
				ALWAYS_SEARCH_USER_PATHS = NO;
				ASSETCATALOG_COMPILER_GENERATE_SWIFT_ASSET_SYMBOL_EXTENSIONS = YES;
				CLANG_ANALYZER_NONNULL = YES;
				CLANG_ANALYZER_NUMBER_OBJECT_CONVERSION = YES_AGGRESSIVE;
				CLANG_CXX_LANGUAGE_STANDARD = "gnu++20";
				CLANG_ENABLE_MODULES = YES;
				CLANG_ENABLE_OBJC_ARC = YES;
				CLANG_ENABLE_OBJC_WEAK = YES;
				CLANG_WARN_BLOCK_CAPTURE_AUTORELEASING = YES;
				CLANG_WARN_BOOL_CONVERSION = YES;
				CLANG_WARN_COMMA = YES;
				CLANG_WARN_CONSTANT_CONVERSION = YES;
				CLANG_WARN_DEPRECATED_OBJC_IMPLEMENTATIONS = YES;
				CLANG_WARN_DIRECT_OBJC_ISA_USAGE = YES_ERROR;
				CLANG_WARN_DOCUMENTATION_COMMENTS = YES;
				CLANG_WARN_EMPTY_BODY = YES;
				CLANG_WARN_ENUM_CONVERSION = YES;
				CLANG_WARN_INFINITE_RECURSION = YES;
				CLANG_WARN_INT_CONVERSION = YES;
				CLANG_WARN_NON_LITERAL_NULL_CONVERSION = YES;
				CLANG_WARN_OBJC_IMPLICIT_RETAIN_SELF = YES;
				CLANG_WARN_OBJC_LITERAL_CONVERSION = YES;
				CLANG_WARN_OBJC_ROOT_CLASS = YES_ERROR;
				CLANG_WARN_QUOTED_INCLUDE_IN_FRAMEWORK_HEADER = YES;
				CLANG_WARN_RANGE_LOOP_ANALYSIS = YES;
				CLANG_WARN_STRICT_PROTOTYPES = YES;
				CLANG_WARN_SUSPICIOUS_MOVE = YES;
				CLANG_WARN_UNGUARDED_AVAILABILITY = YES_AGGRESSIVE;
				CLANG_WARN_UNREACHABLE_CODE = YES;
				CLANG_WARN__DUPLICATE_METHOD_MATCH = YES;
				COPY_PHASE_STRIP = NO;
				DEBUG_INFORMATION_FORMAT = dwarf;
				ENABLE_STRICT_OBJC_MSGSEND = YES;
				ENABLE_TESTABILITY = YES;
				ENABLE_USER_SCRIPT_SANDBOXING = YES;
				GCC_C_LANGUAGE_STANDARD = gnu17;
				GCC_DYNAMIC_NO_PIC = NO;
				GCC_NO_COMMON_BLOCKS = YES;
				GCC_OPTIMIZATION_LEVEL = 0;
				GCC_PREPROCESSOR_DEFINITIONS = (
					"DEBUG=1",
					"$(inherited)",
				);
				GCC_WARN_64_TO_32_BIT_CONVERSION = YES;
				GCC_WARN_ABOUT_RETURN_TYPE = YES_ERROR;
				GCC_WARN_UNDECLARED_SELECTOR = YES;
				GCC_WARN_UNINITIALIZED_AUTOS = YES_AGGRESSIVE;
				GCC_WARN_UNUSED_FUNCTION = YES;
				GCC_WARN_UNUSED_VARIABLE = YES;
				IPHONEOS_DEPLOYMENT_TARGET = 17.0;
				LOCALIZATION_PREFERS_STRING_CATALOGS = YES;
				MTL_ENABLE_DEBUG_INFO = INCLUDE_SOURCE;
				MTL_FAST_MATH = YES;
				ONLY_ACTIVE_ARCH = YES;
				SDKROOT = iphoneos;
				SWIFT_ACTIVE_COMPILATION_CONDITIONS = "DEBUG $(inherited)";
				SWIFT_OPTIMIZATION_LEVEL = "-Onone";
			};
			name = Debug;
		};
		6C8668172ADA8A3A00559E9E /* Release */ = {
			isa = XCBuildConfiguration;
			buildSettings = {
				ALWAYS_SEARCH_USER_PATHS = NO;
				ASSETCATALOG_COMPILER_GENERATE_SWIFT_ASSET_SYMBOL_EXTENSIONS = YES;
				CLANG_ANALYZER_NONNULL = YES;
				CLANG_ANALYZER_NUMBER_OBJECT_CONVERSION = YES_AGGRESSIVE;
				CLANG_CXX_LANGUAGE_STANDARD = "gnu++20";
				CLANG_ENABLE_MODULES = YES;
				CLANG_ENABLE_OBJC_ARC = YES;
				CLANG_ENABLE_OBJC_WEAK = YES;
				CLANG_WARN_BLOCK_CAPTURE_AUTORELEASING = YES;
				CLANG_WARN_BOOL_CONVERSION = YES;
				CLANG_WARN_COMMA = YES;
				CLANG_WARN_CONSTANT_CONVERSION = YES;
				CLANG_WARN_DEPRECATED_OBJC_IMPLEMENTATIONS = YES;
				CLANG_WARN_DIRECT_OBJC_ISA_USAGE = YES_ERROR;
				CLANG_WARN_DOCUMENTATION_COMMENTS = YES;
				CLANG_WARN_EMPTY_BODY = YES;
				CLANG_WARN_ENUM_CONVERSION = YES;
				CLANG_WARN_INFINITE_RECURSION = YES;
				CLANG_WARN_INT_CONVERSION = YES;
				CLANG_WARN_NON_LITERAL_NULL_CONVERSION = YES;
				CLANG_WARN_OBJC_IMPLICIT_RETAIN_SELF = YES;
				CLANG_WARN_OBJC_LITERAL_CONVERSION = YES;
				CLANG_WARN_OBJC_ROOT_CLASS = YES_ERROR;
				CLANG_WARN_QUOTED_INCLUDE_IN_FRAMEWORK_HEADER = YES;
				CLANG_WARN_RANGE_LOOP_ANALYSIS = YES;
				CLANG_WARN_STRICT_PROTOTYPES = YES;
				CLANG_WARN_SUSPICIOUS_MOVE = YES;
				CLANG_WARN_UNGUARDED_AVAILABILITY = YES_AGGRESSIVE;
				CLANG_WARN_UNREACHABLE_CODE = YES;
				CLANG_WARN__DUPLICATE_METHOD_MATCH = YES;
				COPY_PHASE_STRIP = NO;
				DEBUG_INFORMATION_FORMAT = "dwarf-with-dsym";
				ENABLE_NS_ASSERTIONS = NO;
				ENABLE_STRICT_OBJC_MSGSEND = YES;
				ENABLE_USER_SCRIPT_SANDBOXING = YES;
				GCC_C_LANGUAGE_STANDARD = gnu17;
				GCC_NO_COMMON_BLOCKS = YES;
				GCC_WARN_64_TO_32_BIT_CONVERSION = YES;
				GCC_WARN_ABOUT_RETURN_TYPE = YES_ERROR;
				GCC_WARN_UNDECLARED_SELECTOR = YES;
				GCC_WARN_UNINITIALIZED_AUTOS = YES_AGGRESSIVE;
				GCC_WARN_UNUSED_FUNCTION = YES;
				GCC_WARN_UNUSED_VARIABLE = YES;
				IPHONEOS_DEPLOYMENT_TARGET = 17.0;
				LOCALIZATION_PREFERS_STRING_CATALOGS = YES;
				MTL_ENABLE_DEBUG_INFO = NO;
				MTL_FAST_MATH = YES;
				SDKROOT = iphoneos;
				SWIFT_COMPILATION_MODE = wholemodule;
				VALIDATE_PRODUCT = YES;
			};
			name = Release;
		};
		6C8668192ADA8A3A00559E9E /* Debug */ = {
			isa = XCBuildConfiguration;
			buildSettings = {
				ASSETCATALOG_COMPILER_APPICON_NAME = AppIcon;
				ASSETCATALOG_COMPILER_GLOBAL_ACCENT_COLOR_NAME = AccentColor;
				CODE_SIGN_STYLE = Automatic;
				CURRENT_PROJECT_VERSION = 1;
				DEVELOPMENT_TEAM = AUR8GZBZK7;
				GENERATE_INFOPLIST_FILE = YES;
				INFOPLIST_FILE = LoginScreen/Resources/Info.plist;
				INFOPLIST_KEY_UIApplicationSupportsIndirectInputEvents = YES;
				INFOPLIST_KEY_UILaunchStoryboardName = LaunchScreen;
				INFOPLIST_KEY_UISupportedInterfaceOrientations = UIInterfaceOrientationPortrait;
				INFOPLIST_KEY_UISupportedInterfaceOrientations_iPad = "UIInterfaceOrientationLandscapeLeft UIInterfaceOrientationLandscapeRight UIInterfaceOrientationPortrait UIInterfaceOrientationPortraitUpsideDown";
				IPHONEOS_DEPLOYMENT_TARGET = 16.4;
				LD_RUNPATH_SEARCH_PATHS = (
					"$(inherited)",
					"@executable_path/Frameworks",
				);
				MARKETING_VERSION = 1.0;
				PRODUCT_BUNDLE_IDENTIFIER = com.my.LoginScreen;
				PRODUCT_NAME = "$(TARGET_NAME)";
				SUPPORTED_PLATFORMS = "iphoneos iphonesimulator";
				SUPPORTS_MACCATALYST = NO;
				SUPPORTS_MAC_DESIGNED_FOR_IPHONE_IPAD = NO;
				SWIFT_EMIT_LOC_STRINGS = YES;
				SWIFT_VERSION = 5.0;
				TARGETED_DEVICE_FAMILY = 1;
			};
			name = Debug;
		};
		6C86681A2ADA8A3A00559E9E /* Release */ = {
			isa = XCBuildConfiguration;
			buildSettings = {
				ASSETCATALOG_COMPILER_APPICON_NAME = AppIcon;
				ASSETCATALOG_COMPILER_GLOBAL_ACCENT_COLOR_NAME = AccentColor;
				CODE_SIGN_STYLE = Automatic;
				CURRENT_PROJECT_VERSION = 1;
				DEVELOPMENT_TEAM = AUR8GZBZK7;
				GENERATE_INFOPLIST_FILE = YES;
				INFOPLIST_FILE = LoginScreen/Resources/Info.plist;
				INFOPLIST_KEY_UIApplicationSupportsIndirectInputEvents = YES;
				INFOPLIST_KEY_UILaunchStoryboardName = LaunchScreen;
				INFOPLIST_KEY_UISupportedInterfaceOrientations = UIInterfaceOrientationPortrait;
				INFOPLIST_KEY_UISupportedInterfaceOrientations_iPad = "UIInterfaceOrientationLandscapeLeft UIInterfaceOrientationLandscapeRight UIInterfaceOrientationPortrait UIInterfaceOrientationPortraitUpsideDown";
				IPHONEOS_DEPLOYMENT_TARGET = 16.4;
				LD_RUNPATH_SEARCH_PATHS = (
					"$(inherited)",
					"@executable_path/Frameworks",
				);
				MARKETING_VERSION = 1.0;
				PRODUCT_BUNDLE_IDENTIFIER = com.my.LoginScreen;
				PRODUCT_NAME = "$(TARGET_NAME)";
				SUPPORTED_PLATFORMS = "iphoneos iphonesimulator";
				SUPPORTS_MACCATALYST = NO;
				SUPPORTS_MAC_DESIGNED_FOR_IPHONE_IPAD = NO;
				SWIFT_EMIT_LOC_STRINGS = YES;
				SWIFT_VERSION = 5.0;
				TARGETED_DEVICE_FAMILY = 1;
			};
			name = Release;
		};
/* End XCBuildConfiguration section */

/* Begin XCConfigurationList section */
		6C8667FF2ADA8A3800559E9E /* Build configuration list for PBXProject "LoginScreen" */ = {
			isa = XCConfigurationList;
			buildConfigurations = (
				6C8668162ADA8A3A00559E9E /* Debug */,
				6C8668172ADA8A3A00559E9E /* Release */,
			);
			defaultConfigurationIsVisible = 0;
			defaultConfigurationName = Release;
		};
		6C8668182ADA8A3A00559E9E /* Build configuration list for PBXNativeTarget "LoginScreen" */ = {
			isa = XCConfigurationList;
			buildConfigurations = (
				6C8668192ADA8A3A00559E9E /* Debug */,
				6C86681A2ADA8A3A00559E9E /* Release */,
			);
			defaultConfigurationIsVisible = 0;
			defaultConfigurationName = Release;
		};
/* End XCConfigurationList section */

/* Begin XCRemoteSwiftPackageReference section */
		6C86681B2ADA8BA000559E9E /* XCRemoteSwiftPackageReference "SnapKit" */ = {
			isa = XCRemoteSwiftPackageReference;
			repositoryURL = "https://github.com/SnapKit/SnapKit";
			requirement = {
				kind = upToNextMajorVersion;
				minimumVersion = 5.6.0;
			};
		};
/* End XCRemoteSwiftPackageReference section */

/* Begin XCSwiftPackageProductDependency section */
		6C86681C2ADA8BA000559E9E /* SnapKit */ = {
			isa = XCSwiftPackageProductDependency;
			package = 6C86681B2ADA8BA000559E9E /* XCRemoteSwiftPackageReference "SnapKit" */;
			productName = SnapKit;
		};
		6C86681E2ADA8BA000559E9E /* SnapKit-Dynamic */ = {
			isa = XCSwiftPackageProductDependency;
			package = 6C86681B2ADA8BA000559E9E /* XCRemoteSwiftPackageReference "SnapKit" */;
			productName = "SnapKit-Dynamic";
		};
/* End XCSwiftPackageProductDependency section */
	};
	rootObject = 6C8667FC2ADA8A3800559E9E /* Project object */;
}
